
Microsoft Visual Studio Solution File, Format Version 12.00
# Visual Studio 15
VisualStudioVersion = 15.0.26430.14
MinimumVisualStudioVersion = 10.0.40219.1
Project("{A07B5EB6-E848-4116-A8D0-A826331D98C6}") = "ReverseProxyCookieIssue", "ReverseProxyCookieIssue\ReverseProxyCookieIssue.sfproj", "{578E865D-8D02-4BEE-BBC1-ADE9E38A638D}"
EndProject
Project("{FAE04EC0-301F-11D3-BF4B-00C04F79EFBC}") = "Service", "Service\Service.csproj", "{7CC70540-92E1-4DA7-ADDC-2ED7D91CAF88}"
EndProject
Global
	GlobalSection(SolutionConfigurationPlatforms) = preSolution
		Debug|Any CPU = Debug|Any CPU
		Debug|x64 = Debug|x64
		Release|Any CPU = Release|Any CPU
		Release|x64 = Release|x64
	EndGlobalSection
	GlobalSection(ProjectConfigurationPlatforms) = postSolution
		{578E865D-8D02-4BEE-BBC1-ADE9E38A638D}.Debug|Any CPU.ActiveCfg = Debug|x64
		{578E865D-8D02-4BEE-BBC1-ADE9E38A638D}.Debug|x64.ActiveCfg = Debug|x64
		{578E865D-8D02-4BEE-BBC1-ADE9E38A638D}.Debug|x64.Build.0 = Debug|x64
		{578E865D-8D02-4BEE-BBC1-ADE9E38A638D}.Debug|x64.Deploy.0 = Debug|x64
		{578E865D-8D02-4BEE-BBC1-ADE9E38A638D}.Release|Any CPU.ActiveCfg = Release|x64
		{578E865D-8D02-4BEE-BBC1-ADE9E38A638D}.Release|x64.ActiveCfg = Release|x64
		{578E865D-8D02-4BEE-BBC1-ADE9E38A638D}.Release|x64.Build.0 = Release|x64
		{578E865D-8D02-4BEE-BBC1-ADE9E38A638D}.Release|x64.Deploy.0 = Release|x64
		{7CC70540-92E1-4DA7-ADDC-2ED7D91CAF88}.Debug|Any CPU.ActiveCfg = Debug|Any CPU
		{7CC70540-92E1-4DA7-ADDC-2ED7D91CAF88}.Debug|Any CPU.Build.0 = Debug|Any CPU
		{7CC70540-92E1-4DA7-ADDC-2ED7D91CAF88}.Debug|x64.ActiveCfg = Debug|Any CPU
		{7CC70540-92E1-4DA7-ADDC-2ED7D91CAF88}.Debug|x64.Build.0 = Debug|Any CPU
		{7CC70540-92E1-4DA7-ADDC-2ED7D91CAF88}.Release|Any CPU.ActiveCfg = Release|Any CPU
		{7CC70540-92E1-4DA7-ADDC-2ED7D91CAF88}.Release|Any CPU.Build.0 = Release|Any CPU
		{7CC70540-92E1-4DA7-ADDC-2ED7D91CAF88}.Release|x64.ActiveCfg = Release|Any CPU
		{7CC70540-92E1-4DA7-ADDC-2ED7D91CAF88}.Release|x64.Build.0 = Release|Any CPU
	EndGlobalSection
	GlobalSection(SolutionProperties) = preSolution
		HideSolutionNode = FALSE
	EndGlobalSection
EndGlobal
